
Microsoft Visual Studio Solution File, Format Version 12.00
# Visual Studio 15
VisualStudioVersion = 15.0.28307.438
MinimumVisualStudioVersion = 10.0.40219.1
Project("{FAE04EC0-301F-11D3-BF4B-00C04F79EFBC}") = "apkCalculadora.Android", "apkCalculadora\apkCalculadora.Android\apkCalculadora.Android.csproj", "{C9646A6E-2D25-452E-AD7A-3C87F7D78A15}"
EndProject
Project("{FAE04EC0-301F-11D3-BF4B-00C04F79EFBC}") = "apkCalculadora", "apkCalculadora\apkCalculadora\apkCalculadora.csproj", "{A8BB143D-AEEC-4670-9FD4-43B698551216}"
EndProject
Global
	GlobalSection(SolutionConfigurationPlatforms) = preSolution
		Debug|Any CPU = Debug|Any CPU
		Release|Any CPU = Release|Any CPU
	EndGlobalSection
	GlobalSection(ProjectConfigurationPlatforms) = postSolution
		{C9646A6E-2D25-452E-AD7A-3C87F7D78A15}.Debug|Any CPU.ActiveCfg = Debug|Any CPU
		{C9646A6E-2D25-452E-AD7A-3C87F7D78A15}.Debug|Any CPU.Build.0 = Debug|Any CPU
		{C9646A6E-2D25-452E-AD7A-3C87F7D78A15}.Debug|Any CPU.Deploy.0 = Debug|Any CPU
		{C9646A6E-2D25-452E-AD7A-3C87F7D78A15}.Release|Any CPU.ActiveCfg = Release|Any CPU
		{C9646A6E-2D25-452E-AD7A-3C87F7D78A15}.Release|Any CPU.Build.0 = Release|Any CPU
		{C9646A6E-2D25-452E-AD7A-3C87F7D78A15}.Release|Any CPU.Deploy.0 = Release|Any CPU
		{A8BB143D-AEEC-4670-9FD4-43B698551216}.Debug|Any CPU.ActiveCfg = Debug|Any CPU
		{A8BB143D-AEEC-4670-9FD4-43B698551216}.Debug|Any CPU.Build.0 = Debug|Any CPU
		{A8BB143D-AEEC-4670-9FD4-43B698551216}.Debug|Any CPU.Deploy.0 = Debug|Any CPU
		{A8BB143D-AEEC-4670-9FD4-43B698551216}.Release|Any CPU.ActiveCfg = Release|Any CPU
		{A8BB143D-AEEC-4670-9FD4-43B698551216}.Release|Any CPU.Build.0 = Release|Any CPU
		{A8BB143D-AEEC-4670-9FD4-43B698551216}.Release|Any CPU.Deploy.0 = Release|Any CPU
	EndGlobalSection
	GlobalSection(SolutionProperties) = preSolution
		HideSolutionNode = FALSE
	EndGlobalSection
	GlobalSection(ExtensibilityGlobals) = postSolution
		SolutionGuid = {CCCBA481-3B12-45DB-BDD0-8A2B68E8703F}
	EndGlobalSection
EndGlobal
